
Microsoft Visual Studio Solution File, Format Version 12.00
# Visual Studio Version 17
VisualStudioVersion = 17.2.32602.215
MinimumVisualStudioVersion = 10.0.40219.1
Project("{2150E333-8FDC-42A3-9474-1A3956D46DE8}") = "Services", "Services", "{759457FF-14BD-4D4C-BB0E-E9DE80FA225E}"
EndProject
Project("{2150E333-8FDC-42A3-9474-1A3956D46DE8}") = "Catalog", "Catalog", "{A4FAC3DE-32FE-4652-B160-25F457D941EA}"
EndProject
Project("{9A19103F-16F7-4668-BE54-9A1E7A4F7556}") = "FreeCourse.Services.Catalog", "Services\Catalog\FreeCourse.Services.Catalog\FreeCourse.Services.Catalog.csproj", "{9DAA1C39-CB44-42EF-BE32-32E4763BAFD4}"
EndProject
Project("{2150E333-8FDC-42A3-9474-1A3956D46DE8}") = "Solution Items", "Solution Items", "{3E87C746-3070-4900-98D2-C295E44E0B5D}"
	ProjectSection(SolutionItems) = preProject
		Ports.txt = Ports.txt
	EndProjectSection
EndProject
Project("{2150E333-8FDC-42A3-9474-1A3956D46DE8}") = "Core", "Core", "{5FBB708A-F095-4F7E-B35A-A85391F57D8B}"
EndProject
Project("{9A19103F-16F7-4668-BE54-9A1E7A4F7556}") = "Catalog.Application", "Services\Catalog\Core\Catalog.Application\Catalog.Application.csproj", "{11786A8D-6164-431E-84B9-8BB817F04DD1}"
EndProject
Project("{9A19103F-16F7-4668-BE54-9A1E7A4F7556}") = "Catalog.Domain", "Services\Catalog\Core\Catalog.Domain\Catalog.Domain.csproj", "{B165EBA2-E9D5-4A58-9649-86C130DE25E5}"
EndProject
Project("{2150E333-8FDC-42A3-9474-1A3956D46DE8}") = "Shared", "Shared", "{1BB04038-62FA-4B78-A2D9-F85BACD424A6}"
EndProject
Project("{9A19103F-16F7-4668-BE54-9A1E7A4F7556}") = "FreeCourse.Shared", "FreeCourse.Shared\FreeCourse.Shared.csproj", "{17456020-1538-4A37-BA5B-053F7F3E66FD}"
EndProject
Project("{2150E333-8FDC-42A3-9474-1A3956D46DE8}") = "Infrastracture", "Infrastracture", "{B612BAC9-E83D-4D6C-B620-B622CDB9474E}"
EndProject
Project("{9A19103F-16F7-4668-BE54-9A1E7A4F7556}") = "Persistence", "Services\Catalog\Infrastracture\Persistence\Persistence.csproj", "{E98E8B60-742B-43E3-8AF5-EFABDD17154E}"
EndProject
Project("{2150E333-8FDC-42A3-9474-1A3956D46DE8}") = "IdentityServer", "IdentityServer", "{83832F16-6B37-4FEF-BF2E-28133C27F7E7}"
EndProject
Project("{9A19103F-16F7-4668-BE54-9A1E7A4F7556}") = "FreeCourse.IdentityServer", "IdentityServer\FreeCourse.IdentityServer\FreeCourse.IdentityServer.csproj", "{D115E809-CE00-41D0-AC39-BC23DF67C99A}"
EndProject
Project("{2150E333-8FDC-42A3-9474-1A3956D46DE8}") = "PhotoStock", "PhotoStock", "{D20A821E-D229-4636-9246-1310F7AFEB03}"
EndProject
Project("{2150E333-8FDC-42A3-9474-1A3956D46DE8}") = "Presentation", "Presentation", "{62201FB8-0A75-4C3C-9084-C49AD3F1047F}"
EndProject
Project("{9A19103F-16F7-4668-BE54-9A1E7A4F7556}") = "FreeCourse.Services.PhotoStockAPI", "Services\PhotoStock\Presentation\FreeCourse.Services.PhotoStockAPI\FreeCourse.Services.PhotoStockAPI.csproj", "{5738BF68-0791-4AAE-A267-C66577899425}"
EndProject
Project("{2150E333-8FDC-42A3-9474-1A3956D46DE8}") = "Basket", "Basket", "{667948FD-3F2F-4260-8F9C-5EC2DE1FCABD}"
EndProject
Project("{2150E333-8FDC-42A3-9474-1A3956D46DE8}") = "Presentation", "Presentation", "{A12EE1CD-7E12-468A-9422-D59650C51362}"
EndProject
Project("{9A19103F-16F7-4668-BE54-9A1E7A4F7556}") = "FreeCourse.Services.BasketAPI", "Services\Basket\Presentation\FreeCourse.Services.BasketAPI\FreeCourse.Services.BasketAPI.csproj", "{0AA379D9-AE3C-47D6-8A77-15937BD39AF9}"
EndProject
Project("{2150E333-8FDC-42A3-9474-1A3956D46DE8}") = "Infrastructure", "Infrastructure", "{E1E0DCD9-46D2-4FD5-A61A-57E6D6690019}"
EndProject
Project("{2150E333-8FDC-42A3-9474-1A3956D46DE8}") = "Core", "Core", "{18433535-B426-4D8A-9D39-DAE366299E9A}"
EndProject
Project("{2150E333-8FDC-42A3-9474-1A3956D46DE8}") = "Application", "Application", "{230D3203-D208-4779-9BDA-89972997D3C8}"
EndProject
Project("{9A19103F-16F7-4668-BE54-9A1E7A4F7556}") = "FreeCourse.Services.Basket.Aplication", "Services\Basket\Core\Application\FreeCourse.Services.Basket.Aplication\FreeCourse.Services.Basket.Aplication.csproj", "{62F98E25-87E0-43E0-A2CD-9ACE5EA4DF1F}"
EndProject
Project("{2150E333-8FDC-42A3-9474-1A3956D46DE8}") = "Domain", "Domain", "{4DD7EBD7-0178-4DC0-8649-4DB5FB3301A5}"
EndProject
Project("{9A19103F-16F7-4668-BE54-9A1E7A4F7556}") = "FreeCourse.Services.Basket.Domain", "Services\Basket\Core\Domain\FreeCourse.Services.Basket.Domain\FreeCourse.Services.Basket.Domain.csproj", "{634A4E0C-7CAA-4DBE-AC27-7A4CB96BB68A}"
EndProject
Project("{9A19103F-16F7-4668-BE54-9A1E7A4F7556}") = "FreeCourse.Services.Basket.Infrastructure", "Services\Basket\Infrastructure\FreeCourse.Services.Basket.Infrastructure\FreeCourse.Services.Basket.Infrastructure.csproj", "{1E26A316-5E18-4836-A651-102DA8DA97F3}"
EndProject
Project("{2150E333-8FDC-42A3-9474-1A3956D46DE8}") = "Discount", "Discount", "{C48BFB10-CC9B-41B7-B04F-170C88DFE6ED}"
EndProject
Project("{2150E333-8FDC-42A3-9474-1A3956D46DE8}") = "Presentation", "Presentation", "{F99FBF89-B0D3-4554-9438-C6454B62BBBE}"
EndProject
Project("{2150E333-8FDC-42A3-9474-1A3956D46DE8}") = "Infrastructure", "Infrastructure", "{F3504B7F-E4B2-44AB-88C6-478642D6A489}"
EndProject
Project("{2150E333-8FDC-42A3-9474-1A3956D46DE8}") = "Core", "Core", "{49C86B9D-1DA3-43FB-AC03-E670EBFDAB31}"
EndProject
Project("{9A19103F-16F7-4668-BE54-9A1E7A4F7556}") = "Application", "Services\Discount\Core\Application\Application.csproj", "{BC157666-A63A-4A33-8EBC-FDF999022044}"
EndProject
Project("{9A19103F-16F7-4668-BE54-9A1E7A4F7556}") = "Domain", "Services\Discount\Core\Domain\Domain.csproj", "{5BC14137-FC66-4F8F-8D7F-053184D178D7}"
EndProject
Project("{9A19103F-16F7-4668-BE54-9A1E7A4F7556}") = "Persistence", "Services\Discount\Infrastructure\Persistence\Persistence.csproj", "{483661E3-1951-43C8-954C-18DB1C8A74C7}"
EndProject
Project("{9A19103F-16F7-4668-BE54-9A1E7A4F7556}") = "FreeCourse.Services.DiscountAPI", "Services\Discount\Presentation\FreeCourse.Services.DiscountAPI\FreeCourse.Services.DiscountAPI.csproj", "{7E8B12FE-8792-4D31-9E20-0E4D4D6D34FB}"
EndProject
Project("{2150E333-8FDC-42A3-9474-1A3956D46DE8}") = "Order", "Order", "{862200A1-8BFD-48BC-8828-9DC1066519A9}"
EndProject
Project("{2150E333-8FDC-42A3-9474-1A3956D46DE8}") = "Presentation", "Presentation", "{4B360463-5477-42A0-8CB4-D504FB32FC7E}"
EndProject
Project("{9A19103F-16F7-4668-BE54-9A1E7A4F7556}") = "FreeCourse.Services.OrderAPI", "Services\Order\Presentation\FreeCourse.Services.OrderAPI\FreeCourse.Services.OrderAPI.csproj", "{29BA317A-4354-4091-A377-CC6E6507CE2C}"
EndProject
Project("{2150E333-8FDC-42A3-9474-1A3956D46DE8}") = "Core", "Core", "{30FB3034-0C96-4B79-B992-751BD0DD7DEE}"
EndProject
Project("{2150E333-8FDC-42A3-9474-1A3956D46DE8}") = "Infrastructure", "Infrastructure", "{1EA91B66-84EE-43B8-8DB7-8A1D32FDB6AB}"
EndProject
Project("{9A19103F-16F7-4668-BE54-9A1E7A4F7556}") = "FreeCourse.Services.Order.Application", "Services\Order\Core\FreeCourse.Services.Order.Application\FreeCourse.Services.Order.Application.csproj", "{668906BD-50E8-4B28-BE69-AE3A59340421}"
EndProject
Project("{9A19103F-16F7-4668-BE54-9A1E7A4F7556}") = "FreeCourse.Services.Order.Domain", "Services\Order\Core\FreeCourse.Services.Order.Domain\FreeCourse.Services.Order.Domain.csproj", "{5D7D98D9-BB90-49A7-A6DC-8B376D3E097F}"
EndProject
Project("{9A19103F-16F7-4668-BE54-9A1E7A4F7556}") = "FreeCourse.Services.Order.Persistence", "Services\Order\Infrastructure\FreeCourse.Services.Order.Persistence\FreeCourse.Services.Order.Persistence.csproj", "{57FC3D6F-CCFA-457F-98F3-DE034CFA5088}"
EndProject
Project("{9A19103F-16F7-4668-BE54-9A1E7A4F7556}") = "FreeCourse.Services.Order.Domain.Core", "Services\Order\Core\FreeCourse.Services.Order.Domain.Core\FreeCourse.Services.Order.Domain.Core.csproj", "{35B96734-CF4A-4898-931F-96A6AEECD5A2}"
EndProject
Project("{9A19103F-16F7-4668-BE54-9A1E7A4F7556}") = "FreeCourse.Services.Basket.Persistence", "Services\Basket\Infrastructure\FreeCourse.Services.Basket.Persistence\FreeCourse.Services.Basket.Persistence.csproj", "{2F48A869-863A-4A81-843E-1D4746D69258}"
EndProject
Project("{2150E333-8FDC-42A3-9474-1A3956D46DE8}") = "FakePayment", "FakePayment", "{66B02572-6B1E-4895-86FA-CC8EF2E17718}"
EndProject
Project("{9A19103F-16F7-4668-BE54-9A1E7A4F7556}") = "FreeCourse.Services.FakePaymentAPI", "Services\FakePayment\FreeCourse.Services.FakePaymentAPI\FreeCourse.Services.FakePaymentAPI.csproj", "{BAF6A81D-8616-41E6-8BB1-B17A49E06F28}"
EndProject
Project("{2150E333-8FDC-42A3-9474-1A3956D46DE8}") = "Gateway", "Gateway", "{DEC35EF8-4967-498B-99F5-AD5C9278095D}"
EndProject
Project("{9A19103F-16F7-4668-BE54-9A1E7A4F7556}") = "FreeCourse.Gateway", "FreeCourse.Gateway\FreeCourse.Gateway.csproj", "{98BC478E-8B69-4DD2-AC0E-4717269CA78C}"
EndProject
Project("{2150E333-8FDC-42A3-9474-1A3956D46DE8}") = "License", "License", "{ED9E66FA-9D89-4239-9D8B-D8502EAF5FDE}"
EndProject
Global
	GlobalSection(SolutionConfigurationPlatforms) = preSolution
		Debug|Any CPU = Debug|Any CPU
		Release|Any CPU = Release|Any CPU
	EndGlobalSection
	GlobalSection(ProjectConfigurationPlatforms) = postSolution
		{9DAA1C39-CB44-42EF-BE32-32E4763BAFD4}.Debug|Any CPU.ActiveCfg = Debug|Any CPU
		{9DAA1C39-CB44-42EF-BE32-32E4763BAFD4}.Debug|Any CPU.Build.0 = Debug|Any CPU
		{9DAA1C39-CB44-42EF-BE32-32E4763BAFD4}.Release|Any CPU.ActiveCfg = Release|Any CPU
		{9DAA1C39-CB44-42EF-BE32-32E4763BAFD4}.Release|Any CPU.Build.0 = Release|Any CPU
		{11786A8D-6164-431E-84B9-8BB817F04DD1}.Debug|Any CPU.ActiveCfg = Debug|Any CPU
		{11786A8D-6164-431E-84B9-8BB817F04DD1}.Debug|Any CPU.Build.0 = Debug|Any CPU
		{11786A8D-6164-431E-84B9-8BB817F04DD1}.Release|Any CPU.ActiveCfg = Release|Any CPU
		{11786A8D-6164-431E-84B9-8BB817F04DD1}.Release|Any CPU.Build.0 = Release|Any CPU
		{B165EBA2-E9D5-4A58-9649-86C130DE25E5}.Debug|Any CPU.ActiveCfg = Debug|Any CPU
		{B165EBA2-E9D5-4A58-9649-86C130DE25E5}.Debug|Any CPU.Build.0 = Debug|Any CPU
		{B165EBA2-E9D5-4A58-9649-86C130DE25E5}.Release|Any CPU.ActiveCfg = Release|Any CPU
		{B165EBA2-E9D5-4A58-9649-86C130DE25E5}.Release|Any CPU.Build.0 = Release|Any CPU
		{17456020-1538-4A37-BA5B-053F7F3E66FD}.Debug|Any CPU.ActiveCfg = Debug|Any CPU
		{17456020-1538-4A37-BA5B-053F7F3E66FD}.Debug|Any CPU.Build.0 = Debug|Any CPU
		{17456020-1538-4A37-BA5B-053F7F3E66FD}.Release|Any CPU.ActiveCfg = Release|Any CPU
		{17456020-1538-4A37-BA5B-053F7F3E66FD}.Release|Any CPU.Build.0 = Release|Any CPU
		{E98E8B60-742B-43E3-8AF5-EFABDD17154E}.Debug|Any CPU.ActiveCfg = Debug|Any CPU
		{E98E8B60-742B-43E3-8AF5-EFABDD17154E}.Debug|Any CPU.Build.0 = Debug|Any CPU
		{E98E8B60-742B-43E3-8AF5-EFABDD17154E}.Release|Any CPU.ActiveCfg = Release|Any CPU
		{E98E8B60-742B-43E3-8AF5-EFABDD17154E}.Release|Any CPU.Build.0 = Release|Any CPU
		{D115E809-CE00-41D0-AC39-BC23DF67C99A}.Debug|Any CPU.ActiveCfg = Debug|Any CPU
		{D115E809-CE00-41D0-AC39-BC23DF67C99A}.Debug|Any CPU.Build.0 = Debug|Any CPU
		{D115E809-CE00-41D0-AC39-BC23DF67C99A}.Release|Any CPU.ActiveCfg = Release|Any CPU
		{D115E809-CE00-41D0-AC39-BC23DF67C99A}.Release|Any CPU.Build.0 = Release|Any CPU
		{5738BF68-0791-4AAE-A267-C66577899425}.Debug|Any CPU.ActiveCfg = Debug|Any CPU
		{5738BF68-0791-4AAE-A267-C66577899425}.Debug|Any CPU.Build.0 = Debug|Any CPU
		{5738BF68-0791-4AAE-A267-C66577899425}.Release|Any CPU.ActiveCfg = Release|Any CPU
		{5738BF68-0791-4AAE-A267-C66577899425}.Release|Any CPU.Build.0 = Release|Any CPU
		{0AA379D9-AE3C-47D6-8A77-15937BD39AF9}.Debug|Any CPU.ActiveCfg = Debug|Any CPU
		{0AA379D9-AE3C-47D6-8A77-15937BD39AF9}.Debug|Any CPU.Build.0 = Debug|Any CPU
		{0AA379D9-AE3C-47D6-8A77-15937BD39AF9}.Release|Any CPU.ActiveCfg = Release|Any CPU
		{0AA379D9-AE3C-47D6-8A77-15937BD39AF9}.Release|Any CPU.Build.0 = Release|Any CPU
		{62F98E25-87E0-43E0-A2CD-9ACE5EA4DF1F}.Debug|Any CPU.ActiveCfg = Debug|Any CPU
		{62F98E25-87E0-43E0-A2CD-9ACE5EA4DF1F}.Debug|Any CPU.Build.0 = Debug|Any CPU
		{62F98E25-87E0-43E0-A2CD-9ACE5EA4DF1F}.Release|Any CPU.ActiveCfg = Release|Any CPU
		{62F98E25-87E0-43E0-A2CD-9ACE5EA4DF1F}.Release|Any CPU.Build.0 = Release|Any CPU
		{634A4E0C-7CAA-4DBE-AC27-7A4CB96BB68A}.Debug|Any CPU.ActiveCfg = Debug|Any CPU
		{634A4E0C-7CAA-4DBE-AC27-7A4CB96BB68A}.Debug|Any CPU.Build.0 = Debug|Any CPU
		{634A4E0C-7CAA-4DBE-AC27-7A4CB96BB68A}.Release|Any CPU.ActiveCfg = Release|Any CPU
		{634A4E0C-7CAA-4DBE-AC27-7A4CB96BB68A}.Release|Any CPU.Build.0 = Release|Any CPU
		{1E26A316-5E18-4836-A651-102DA8DA97F3}.Debug|Any CPU.ActiveCfg = Debug|Any CPU
		{1E26A316-5E18-4836-A651-102DA8DA97F3}.Debug|Any CPU.Build.0 = Debug|Any CPU
		{1E26A316-5E18-4836-A651-102DA8DA97F3}.Release|Any CPU.ActiveCfg = Release|Any CPU
		{1E26A316-5E18-4836-A651-102DA8DA97F3}.Release|Any CPU.Build.0 = Release|Any CPU
		{BC157666-A63A-4A33-8EBC-FDF999022044}.Debug|Any CPU.ActiveCfg = Debug|Any CPU
		{BC157666-A63A-4A33-8EBC-FDF999022044}.Debug|Any CPU.Build.0 = Debug|Any CPU
		{BC157666-A63A-4A33-8EBC-FDF999022044}.Release|Any CPU.ActiveCfg = Release|Any CPU
		{BC157666-A63A-4A33-8EBC-FDF999022044}.Release|Any CPU.Build.0 = Release|Any CPU
		{5BC14137-FC66-4F8F-8D7F-053184D178D7}.Debug|Any CPU.ActiveCfg = Debug|Any CPU
		{5BC14137-FC66-4F8F-8D7F-053184D178D7}.Debug|Any CPU.Build.0 = Debug|Any CPU
		{5BC14137-FC66-4F8F-8D7F-053184D178D7}.Release|Any CPU.ActiveCfg = Release|Any CPU
		{5BC14137-FC66-4F8F-8D7F-053184D178D7}.Release|Any CPU.Build.0 = Release|Any CPU
		{483661E3-1951-43C8-954C-18DB1C8A74C7}.Debug|Any CPU.ActiveCfg = Debug|Any CPU
		{483661E3-1951-43C8-954C-18DB1C8A74C7}.Debug|Any CPU.Build.0 = Debug|Any CPU
		{483661E3-1951-43C8-954C-18DB1C8A74C7}.Release|Any CPU.ActiveCfg = Release|Any CPU
		{483661E3-1951-43C8-954C-18DB1C8A74C7}.Release|Any CPU.Build.0 = Release|Any CPU
		{7E8B12FE-8792-4D31-9E20-0E4D4D6D34FB}.Debug|Any CPU.ActiveCfg = Debug|Any CPU
		{7E8B12FE-8792-4D31-9E20-0E4D4D6D34FB}.Debug|Any CPU.Build.0 = Debug|Any CPU
		{7E8B12FE-8792-4D31-9E20-0E4D4D6D34FB}.Release|Any CPU.ActiveCfg = Release|Any CPU
		{7E8B12FE-8792-4D31-9E20-0E4D4D6D34FB}.Release|Any CPU.Build.0 = Release|Any CPU
		{29BA317A-4354-4091-A377-CC6E6507CE2C}.Debug|Any CPU.ActiveCfg = Debug|Any CPU
		{29BA317A-4354-4091-A377-CC6E6507CE2C}.Debug|Any CPU.Build.0 = Debug|Any CPU
		{29BA317A-4354-4091-A377-CC6E6507CE2C}.Release|Any CPU.ActiveCfg = Release|Any CPU
		{29BA317A-4354-4091-A377-CC6E6507CE2C}.Release|Any CPU.Build.0 = Release|Any CPU
		{668906BD-50E8-4B28-BE69-AE3A59340421}.Debug|Any CPU.ActiveCfg = Debug|Any CPU
		{668906BD-50E8-4B28-BE69-AE3A59340421}.Debug|Any CPU.Build.0 = Debug|Any CPU
		{668906BD-50E8-4B28-BE69-AE3A59340421}.Release|Any CPU.ActiveCfg = Release|Any CPU
		{668906BD-50E8-4B28-BE69-AE3A59340421}.Release|Any CPU.Build.0 = Release|Any CPU
		{5D7D98D9-BB90-49A7-A6DC-8B376D3E097F}.Debug|Any CPU.ActiveCfg = Debug|Any CPU
		{5D7D98D9-BB90-49A7-A6DC-8B376D3E097F}.Debug|Any CPU.Build.0 = Debug|Any CPU
		{5D7D98D9-BB90-49A7-A6DC-8B376D3E097F}.Release|Any CPU.ActiveCfg = Release|Any CPU
		{5D7D98D9-BB90-49A7-A6DC-8B376D3E097F}.Release|Any CPU.Build.0 = Release|Any CPU
		{57FC3D6F-CCFA-457F-98F3-DE034CFA5088}.Debug|Any CPU.ActiveCfg = Debug|Any CPU
		{57FC3D6F-CCFA-457F-98F3-DE034CFA5088}.Debug|Any CPU.Build.0 = Debug|Any CPU
		{57FC3D6F-CCFA-457F-98F3-DE034CFA5088}.Release|Any CPU.ActiveCfg = Release|Any CPU
		{57FC3D6F-CCFA-457F-98F3-DE034CFA5088}.Release|Any CPU.Build.0 = Release|Any CPU
		{35B96734-CF4A-4898-931F-96A6AEECD5A2}.Debug|Any CPU.ActiveCfg = Debug|Any CPU
		{35B96734-CF4A-4898-931F-96A6AEECD5A2}.Debug|Any CPU.Build.0 = Debug|Any CPU
		{35B96734-CF4A-4898-931F-96A6AEECD5A2}.Release|Any CPU.ActiveCfg = Release|Any CPU
		{35B96734-CF4A-4898-931F-96A6AEECD5A2}.Release|Any CPU.Build.0 = Release|Any CPU
		{2F48A869-863A-4A81-843E-1D4746D69258}.Debug|Any CPU.ActiveCfg = Debug|Any CPU
		{2F48A869-863A-4A81-843E-1D4746D69258}.Debug|Any CPU.Build.0 = Debug|Any CPU
		{2F48A869-863A-4A81-843E-1D4746D69258}.Release|Any CPU.ActiveCfg = Release|Any CPU
		{2F48A869-863A-4A81-843E-1D4746D69258}.Release|Any CPU.Build.0 = Release|Any CPU
		{BAF6A81D-8616-41E6-8BB1-B17A49E06F28}.Debug|Any CPU.ActiveCfg = Debug|Any CPU
		{BAF6A81D-8616-41E6-8BB1-B17A49E06F28}.Debug|Any CPU.Build.0 = Debug|Any CPU
		{BAF6A81D-8616-41E6-8BB1-B17A49E06F28}.Release|Any CPU.ActiveCfg = Release|Any CPU
		{BAF6A81D-8616-41E6-8BB1-B17A49E06F28}.Release|Any CPU.Build.0 = Release|Any CPU
		{98BC478E-8B69-4DD2-AC0E-4717269CA78C}.Debug|Any CPU.ActiveCfg = Debug|Any CPU
		{98BC478E-8B69-4DD2-AC0E-4717269CA78C}.Debug|Any CPU.Build.0 = Debug|Any CPU
		{98BC478E-8B69-4DD2-AC0E-4717269CA78C}.Release|Any CPU.ActiveCfg = Release|Any CPU
		{98BC478E-8B69-4DD2-AC0E-4717269CA78C}.Release|Any CPU.Build.0 = Release|Any CPU
	EndGlobalSection
	GlobalSection(SolutionProperties) = preSolution
		HideSolutionNode = FALSE
	EndGlobalSection
	GlobalSection(NestedProjects) = preSolution
		{A4FAC3DE-32FE-4652-B160-25F457D941EA} = {759457FF-14BD-4D4C-BB0E-E9DE80FA225E}
		{9DAA1C39-CB44-42EF-BE32-32E4763BAFD4} = {A4FAC3DE-32FE-4652-B160-25F457D941EA}
		{5FBB708A-F095-4F7E-B35A-A85391F57D8B} = {A4FAC3DE-32FE-4652-B160-25F457D941EA}
		{11786A8D-6164-431E-84B9-8BB817F04DD1} = {5FBB708A-F095-4F7E-B35A-A85391F57D8B}
		{B165EBA2-E9D5-4A58-9649-86C130DE25E5} = {5FBB708A-F095-4F7E-B35A-A85391F57D8B}
		{17456020-1538-4A37-BA5B-053F7F3E66FD} = {1BB04038-62FA-4B78-A2D9-F85BACD424A6}
		{B612BAC9-E83D-4D6C-B620-B622CDB9474E} = {A4FAC3DE-32FE-4652-B160-25F457D941EA}
		{E98E8B60-742B-43E3-8AF5-EFABDD17154E} = {B612BAC9-E83D-4D6C-B620-B622CDB9474E}
		{D115E809-CE00-41D0-AC39-BC23DF67C99A} = {83832F16-6B37-4FEF-BF2E-28133C27F7E7}
		{D20A821E-D229-4636-9246-1310F7AFEB03} = {759457FF-14BD-4D4C-BB0E-E9DE80FA225E}
		{62201FB8-0A75-4C3C-9084-C49AD3F1047F} = {D20A821E-D229-4636-9246-1310F7AFEB03}
		{5738BF68-0791-4AAE-A267-C66577899425} = {62201FB8-0A75-4C3C-9084-C49AD3F1047F}
		{667948FD-3F2F-4260-8F9C-5EC2DE1FCABD} = {759457FF-14BD-4D4C-BB0E-E9DE80FA225E}
		{A12EE1CD-7E12-468A-9422-D59650C51362} = {667948FD-3F2F-4260-8F9C-5EC2DE1FCABD}
		{0AA379D9-AE3C-47D6-8A77-15937BD39AF9} = {A12EE1CD-7E12-468A-9422-D59650C51362}
		{E1E0DCD9-46D2-4FD5-A61A-57E6D6690019} = {667948FD-3F2F-4260-8F9C-5EC2DE1FCABD}
		{18433535-B426-4D8A-9D39-DAE366299E9A} = {667948FD-3F2F-4260-8F9C-5EC2DE1FCABD}
		{230D3203-D208-4779-9BDA-89972997D3C8} = {18433535-B426-4D8A-9D39-DAE366299E9A}
		{62F98E25-87E0-43E0-A2CD-9ACE5EA4DF1F} = {230D3203-D208-4779-9BDA-89972997D3C8}
		{4DD7EBD7-0178-4DC0-8649-4DB5FB3301A5} = {18433535-B426-4D8A-9D39-DAE366299E9A}
		{634A4E0C-7CAA-4DBE-AC27-7A4CB96BB68A} = {4DD7EBD7-0178-4DC0-8649-4DB5FB3301A5}
		{1E26A316-5E18-4836-A651-102DA8DA97F3} = {E1E0DCD9-46D2-4FD5-A61A-57E6D6690019}
		{C48BFB10-CC9B-41B7-B04F-170C88DFE6ED} = {759457FF-14BD-4D4C-BB0E-E9DE80FA225E}
		{F99FBF89-B0D3-4554-9438-C6454B62BBBE} = {C48BFB10-CC9B-41B7-B04F-170C88DFE6ED}
		{F3504B7F-E4B2-44AB-88C6-478642D6A489} = {C48BFB10-CC9B-41B7-B04F-170C88DFE6ED}
		{49C86B9D-1DA3-43FB-AC03-E670EBFDAB31} = {C48BFB10-CC9B-41B7-B04F-170C88DFE6ED}
		{BC157666-A63A-4A33-8EBC-FDF999022044} = {49C86B9D-1DA3-43FB-AC03-E670EBFDAB31}
		{5BC14137-FC66-4F8F-8D7F-053184D178D7} = {49C86B9D-1DA3-43FB-AC03-E670EBFDAB31}
		{483661E3-1951-43C8-954C-18DB1C8A74C7} = {F3504B7F-E4B2-44AB-88C6-478642D6A489}
		{7E8B12FE-8792-4D31-9E20-0E4D4D6D34FB} = {F99FBF89-B0D3-4554-9438-C6454B62BBBE}
		{862200A1-8BFD-48BC-8828-9DC1066519A9} = {759457FF-14BD-4D4C-BB0E-E9DE80FA225E}
		{4B360463-5477-42A0-8CB4-D504FB32FC7E} = {862200A1-8BFD-48BC-8828-9DC1066519A9}
		{29BA317A-4354-4091-A377-CC6E6507CE2C} = {4B360463-5477-42A0-8CB4-D504FB32FC7E}
		{30FB3034-0C96-4B79-B992-751BD0DD7DEE} = {862200A1-8BFD-48BC-8828-9DC1066519A9}
		{1EA91B66-84EE-43B8-8DB7-8A1D32FDB6AB} = {862200A1-8BFD-48BC-8828-9DC1066519A9}
		{668906BD-50E8-4B28-BE69-AE3A59340421} = {30FB3034-0C96-4B79-B992-751BD0DD7DEE}
		{5D7D98D9-BB90-49A7-A6DC-8B376D3E097F} = {30FB3034-0C96-4B79-B992-751BD0DD7DEE}
		{57FC3D6F-CCFA-457F-98F3-DE034CFA5088} = {1EA91B66-84EE-43B8-8DB7-8A1D32FDB6AB}
		{35B96734-CF4A-4898-931F-96A6AEECD5A2} = {30FB3034-0C96-4B79-B992-751BD0DD7DEE}
		{2F48A869-863A-4A81-843E-1D4746D69258} = {E1E0DCD9-46D2-4FD5-A61A-57E6D6690019}
		{66B02572-6B1E-4895-86FA-CC8EF2E17718} = {759457FF-14BD-4D4C-BB0E-E9DE80FA225E}
		{BAF6A81D-8616-41E6-8BB1-B17A49E06F28} = {66B02572-6B1E-4895-86FA-CC8EF2E17718}
		{98BC478E-8B69-4DD2-AC0E-4717269CA78C} = {DEC35EF8-4967-498B-99F5-AD5C9278095D}
		{ED9E66FA-9D89-4239-9D8B-D8502EAF5FDE} = {759457FF-14BD-4D4C-BB0E-E9DE80FA225E}
	EndGlobalSection
	GlobalSection(ExtensibilityGlobals) = postSolution
		SolutionGuid = {99E17CE0-5A57-49CE-AB12-A4D35D3A62D7}
	EndGlobalSection
EndGlobal
